
Microsoft Visual Studio Solution File, Format Version 12.00
# Visual Studio Version 17
VisualStudioVersion = 17.10.35013.160
MinimumVisualStudioVersion = 10.0.40219.1
Project("{2150E333-8FDC-42A3-9474-1A3956D46DE8}") = "2-Catalog.Application", "2-Catalog.Application", "{B3627E82-9778-4055-9260-4EB4E9F4CE96}"
EndProject
Project("{2150E333-8FDC-42A3-9474-1A3956D46DE8}") = "Catalog.Core", "Catalog.Core", "{9F31B7BE-1156-44D7-96CC-368DEC1171B6}"
EndProject
Project("{2150E333-8FDC-42A3-9474-1A3956D46DE8}") = "3-Catalog.Domain", "3-Catalog.Domain", "{164B73C8-DBC1-4B5D-9938-F5AD4E862E53}"
EndProject
Project("{2150E333-8FDC-42A3-9474-1A3956D46DE8}") = "1-Catalog.Presentation", "1-Catalog.Presentation", "{1F13CB14-7876-4880-9EF0-4EC2DA0BC34C}"
EndProject
Project("{2150E333-8FDC-42A3-9474-1A3956D46DE8}") = "4-Catalog.Infrastructure", "4-Catalog.Infrastructure", "{C4433E1B-A1C6-4904-8D00-D2425FCDFBB8}"
EndProject
Project("{9A19103F-16F7-4668-BE54-9A1E7A4F7556}") = "Catalog.Core", "src\Catalog.Core\Catalog.Core.csproj", "{405E9CD6-DC7C-4572-9BF2-A0272097DAF7}"
EndProject
Project("{9A19103F-16F7-4668-BE54-9A1E7A4F7556}") = "Catalog.PublicApi", "src\1-Catalog.Presentation\Catalog.WebApi\Catalog.PublicApi.csproj", "{4EBBEA66-DA8A-4EA5-B3B8-0886B94948E3}"
EndProject
Project("{9A19103F-16F7-4668-BE54-9A1E7A4F7556}") = "Catalog.Application", "src\2-Catalog.Application\Catalog.Application\Catalog.Application.csproj", "{3F0A5814-E1B0-49E1-BD4B-5D1E8AF60A14}"
EndProject
Project("{9A19103F-16F7-4668-BE54-9A1E7A4F7556}") = "Catalog.Domain", "src\3-Catalog.Domain\Catalog.Domain\Catalog.Domain.csproj", "{D4DF24A2-AB7F-4E92-B196-5D1477844E62}"
EndProject
Project("{9A19103F-16F7-4668-BE54-9A1E7A4F7556}") = "Catalog.Infrastructure", "src\4-Catalog.Infrastructure\Catalog.Infrastructure\Catalog.Infrastructure.csproj", "{F5611969-A409-452D-8C07-344CB842374C}"
EndProject
Project("{2150E333-8FDC-42A3-9474-1A3956D46DE8}") = "Config", "Config", "{179CEB21-83A8-4CA8-9233-DC7FBEA1CBB7}"
	ProjectSection(SolutionItems) = preProject
		.dockerignore = .dockerignore
		.editorconfig = .editorconfig
		.gitattributes = .gitattributes
		.gitignore = .gitignore
		nuget.config = nuget.config
	EndProjectSection
EndProject
Global
	GlobalSection(SolutionConfigurationPlatforms) = preSolution
		Debug|Any CPU = Debug|Any CPU
		Release|Any CPU = Release|Any CPU
	EndGlobalSection
	GlobalSection(ProjectConfigurationPlatforms) = postSolution
		{405E9CD6-DC7C-4572-9BF2-A0272097DAF7}.Debug|Any CPU.ActiveCfg = Debug|Any CPU
		{405E9CD6-DC7C-4572-9BF2-A0272097DAF7}.Debug|Any CPU.Build.0 = Debug|Any CPU
		{405E9CD6-DC7C-4572-9BF2-A0272097DAF7}.Release|Any CPU.ActiveCfg = Release|Any CPU
		{405E9CD6-DC7C-4572-9BF2-A0272097DAF7}.Release|Any CPU.Build.0 = Release|Any CPU
		{4EBBEA66-DA8A-4EA5-B3B8-0886B94948E3}.Debug|Any CPU.ActiveCfg = Debug|Any CPU
		{4EBBEA66-DA8A-4EA5-B3B8-0886B94948E3}.Debug|Any CPU.Build.0 = Debug|Any CPU
		{4EBBEA66-DA8A-4EA5-B3B8-0886B94948E3}.Release|Any CPU.ActiveCfg = Release|Any CPU
		{4EBBEA66-DA8A-4EA5-B3B8-0886B94948E3}.Release|Any CPU.Build.0 = Release|Any CPU
		{3F0A5814-E1B0-49E1-BD4B-5D1E8AF60A14}.Debug|Any CPU.ActiveCfg = Debug|Any CPU
		{3F0A5814-E1B0-49E1-BD4B-5D1E8AF60A14}.Debug|Any CPU.Build.0 = Debug|Any CPU
		{3F0A5814-E1B0-49E1-BD4B-5D1E8AF60A14}.Release|Any CPU.ActiveCfg = Release|Any CPU
		{3F0A5814-E1B0-49E1-BD4B-5D1E8AF60A14}.Release|Any CPU.Build.0 = Release|Any CPU
		{D4DF24A2-AB7F-4E92-B196-5D1477844E62}.Debug|Any CPU.ActiveCfg = Debug|Any CPU
		{D4DF24A2-AB7F-4E92-B196-5D1477844E62}.Debug|Any CPU.Build.0 = Debug|Any CPU
		{D4DF24A2-AB7F-4E92-B196-5D1477844E62}.Release|Any CPU.ActiveCfg = Release|Any CPU
		{D4DF24A2-AB7F-4E92-B196-5D1477844E62}.Release|Any CPU.Build.0 = Release|Any CPU
		{F5611969-A409-452D-8C07-344CB842374C}.Debug|Any CPU.ActiveCfg = Debug|Any CPU
		{F5611969-A409-452D-8C07-344CB842374C}.Debug|Any CPU.Build.0 = Debug|Any CPU
		{F5611969-A409-452D-8C07-344CB842374C}.Release|Any CPU.ActiveCfg = Release|Any CPU
		{F5611969-A409-452D-8C07-344CB842374C}.Release|Any CPU.Build.0 = Release|Any CPU
	EndGlobalSection
	GlobalSection(SolutionProperties) = preSolution
		HideSolutionNode = FALSE
	EndGlobalSection
	GlobalSection(NestedProjects) = preSolution
		{405E9CD6-DC7C-4572-9BF2-A0272097DAF7} = {9F31B7BE-1156-44D7-96CC-368DEC1171B6}
		{4EBBEA66-DA8A-4EA5-B3B8-0886B94948E3} = {1F13CB14-7876-4880-9EF0-4EC2DA0BC34C}
		{3F0A5814-E1B0-49E1-BD4B-5D1E8AF60A14} = {B3627E82-9778-4055-9260-4EB4E9F4CE96}
		{D4DF24A2-AB7F-4E92-B196-5D1477844E62} = {164B73C8-DBC1-4B5D-9938-F5AD4E862E53}
		{F5611969-A409-452D-8C07-344CB842374C} = {C4433E1B-A1C6-4904-8D00-D2425FCDFBB8}
	EndGlobalSection
	GlobalSection(ExtensibilityGlobals) = postSolution
		SolutionGuid = {68269A1D-AC06-420E-891D-134DA14B67F2}
	EndGlobalSection
EndGlobal
